
Microsoft Visual Studio Solution File, Format Version 12.00
# Visual Studio 2017
Project("{FAE04EC0-301F-11D3-BF4B-00C04F79EFBC}") = "Bouncy Vehicle Physics", "Bouncy Vehicle Physics.csproj", "{C77F8C23-D1E2-C1F3-C1C0-41F7BF4B9A45}"
EndProject
Project("{FAE04EC0-301F-11D3-BF4B-00C04F79EFBC}") = "Bouncy Vehicle Physics.Editor", "Bouncy Vehicle Physics.Editor.csproj", "{1E0AF4D5-96AE-0027-3036-3C10DBBB82F4}"
EndProject
Global
	GlobalSection(SolutionConfigurationPlatforms) = preSolution
		Debug|Any CPU = Debug|Any CPU
		Release|Any CPU = Release|Any CPU
	EndGlobalSection
	GlobalSection(ProjectConfigurationPlatforms) = postSolution
		{C77F8C23-D1E2-C1F3-C1C0-41F7BF4B9A45}.Debug|Any CPU.ActiveCfg = Debug|Any CPU
		{C77F8C23-D1E2-C1F3-C1C0-41F7BF4B9A45}.Debug|Any CPU.Build.0 = Debug|Any CPU
		{C77F8C23-D1E2-C1F3-C1C0-41F7BF4B9A45}.Release|Any CPU.ActiveCfg = Release|Any CPU
		{C77F8C23-D1E2-C1F3-C1C0-41F7BF4B9A45}.Release|Any CPU.Build.0 = Release|Any CPU
		{1E0AF4D5-96AE-0027-3036-3C10DBBB82F4}.Debug|Any CPU.ActiveCfg = Debug|Any CPU
		{1E0AF4D5-96AE-0027-3036-3C10DBBB82F4}.Debug|Any CPU.Build.0 = Debug|Any CPU
		{1E0AF4D5-96AE-0027-3036-3C10DBBB82F4}.Release|Any CPU.ActiveCfg = Release|Any CPU
		{1E0AF4D5-96AE-0027-3036-3C10DBBB82F4}.Release|Any CPU.Build.0 = Release|Any CPU
	EndGlobalSection
	GlobalSection(SolutionProperties) = preSolution
		HideSolutionNode = FALSE
	EndGlobalSection
EndGlobal
